
Microsoft Visual Studio Solution File, Format Version 12.00
# Visual Studio Version 16
VisualStudioVersion = 16.0.31321.278
MinimumVisualStudioVersion = 10.0.40219.1
Project("{FAE04EC0-301F-11D3-BF4B-00C04F79EFBC}") = "Vanitha-WebApi-HandsOn-Day1", "Vanitha-WebApi-HandsOn-Day1\Vanitha-WebApi-HandsOn-Day1.csproj", "{5DDB083B-0A05-438E-A6E0-3C9179ADCC7B}"
EndProject
Global
	GlobalSection(SolutionConfigurationPlatforms) = preSolution
		Debug|Any CPU = Debug|Any CPU
		Release|Any CPU = Release|Any CPU
	EndGlobalSection
	GlobalSection(ProjectConfigurationPlatforms) = postSolution
		{5DDB083B-0A05-438E-A6E0-3C9179ADCC7B}.Debug|Any CPU.ActiveCfg = Debug|Any CPU
		{5DDB083B-0A05-438E-A6E0-3C9179ADCC7B}.Debug|Any CPU.Build.0 = Debug|Any CPU
		{5DDB083B-0A05-438E-A6E0-3C9179ADCC7B}.Release|Any CPU.ActiveCfg = Release|Any CPU
		{5DDB083B-0A05-438E-A6E0-3C9179ADCC7B}.Release|Any CPU.Build.0 = Release|Any CPU
	EndGlobalSection
	GlobalSection(SolutionProperties) = preSolution
		HideSolutionNode = FALSE
	EndGlobalSection
	GlobalSection(ExtensibilityGlobals) = postSolution
		SolutionGuid = {32FDBF24-0D4B-40E7-9CE0-3A4329758B28}
	EndGlobalSection
EndGlobal
